
Microsoft Visual Studio Solution File, Format Version 12.00
# Visual Studio Version 17
VisualStudioVersion = 17.4.33213.308
MinimumVisualStudioVersion = 10.0.40219.1
Project("{9A19103F-16F7-4668-BE54-9A1E7A4F7556}") = "GuildEmblemGenerator", "GuildEmblemGenerator\GuildEmblemGenerator.csproj", "{3480CB62-9F1F-44E6-ABF4-E091AA63573A}"
EndProject
Project("{9A19103F-16F7-4668-BE54-9A1E7A4F7556}") = "GuildEmblemGenerator.Core", "GuildEmblemGenerator.Core\GuildEmblemGenerator.Core.csproj", "{A06F22A5-46B4-41FD-A096-575135732E37}"
EndProject
Project("{9A19103F-16F7-4668-BE54-9A1E7A4F7556}") = "GuildEmblemGenerator.Web", "GuildEmblemGenerator.Web\GuildEmblemGenerator.Web.csproj", "{11371C07-C502-41D2-9A37-884A53B50040}"
EndProject
Global
	GlobalSection(SolutionConfigurationPlatforms) = preSolution
		Debug|Any CPU = Debug|Any CPU
		Release|Any CPU = Release|Any CPU
	EndGlobalSection
	GlobalSection(ProjectConfigurationPlatforms) = postSolution
		{3480CB62-9F1F-44E6-ABF4-E091AA63573A}.Debug|Any CPU.ActiveCfg = Debug|Any CPU
		{3480CB62-9F1F-44E6-ABF4-E091AA63573A}.Debug|Any CPU.Build.0 = Debug|Any CPU
		{3480CB62-9F1F-44E6-ABF4-E091AA63573A}.Release|Any CPU.ActiveCfg = Release|Any CPU
		{3480CB62-9F1F-44E6-ABF4-E091AA63573A}.Release|Any CPU.Build.0 = Release|Any CPU
		{A06F22A5-46B4-41FD-A096-575135732E37}.Debug|Any CPU.ActiveCfg = Debug|Any CPU
		{A06F22A5-46B4-41FD-A096-575135732E37}.Debug|Any CPU.Build.0 = Debug|Any CPU
		{A06F22A5-46B4-41FD-A096-575135732E37}.Release|Any CPU.ActiveCfg = Release|Any CPU
		{A06F22A5-46B4-41FD-A096-575135732E37}.Release|Any CPU.Build.0 = Release|Any CPU
		{11371C07-C502-41D2-9A37-884A53B50040}.Debug|Any CPU.ActiveCfg = Debug|Any CPU
		{11371C07-C502-41D2-9A37-884A53B50040}.Debug|Any CPU.Build.0 = Debug|Any CPU
		{11371C07-C502-41D2-9A37-884A53B50040}.Release|Any CPU.ActiveCfg = Release|Any CPU
		{11371C07-C502-41D2-9A37-884A53B50040}.Release|Any CPU.Build.0 = Release|Any CPU
	EndGlobalSection
	GlobalSection(SolutionProperties) = preSolution
		HideSolutionNode = FALSE
	EndGlobalSection
	GlobalSection(ExtensibilityGlobals) = postSolution
		SolutionGuid = {29CDDFF9-404C-404E-A050-3FC8A44BDA12}
	EndGlobalSection
EndGlobal
